
Microsoft Visual Studio Solution File, Format Version 12.00
# Visual Studio Version 16
VisualStudioVersion = 16.0.30717.126
MinimumVisualStudioVersion = 10.0.40219.1
Project("{8BC9CEB8-8B4A-11D0-8D11-00A0C91BC942}") = "MultimediaManagementProgram", "MultimediaManagementProgram\MultimediaManagementProgram.vcxproj", "{F266D309-FF5A-482D-8105-844752C8750D}"
EndProject
Global
	GlobalSection(SolutionConfigurationPlatforms) = preSolution
		Debug|x64 = Debug|x64
		Release|x64 = Release|x64
	EndGlobalSection
	GlobalSection(ProjectConfigurationPlatforms) = postSolution
		{F266D309-FF5A-482D-8105-844752C8750D}.Debug|x64.ActiveCfg = Debug|x64
		{F266D309-FF5A-482D-8105-844752C8750D}.Debug|x64.Build.0 = Debug|x64
		{F266D309-FF5A-482D-8105-844752C8750D}.Release|x64.ActiveCfg = Release|x64
		{F266D309-FF5A-482D-8105-844752C8750D}.Release|x64.Build.0 = Release|x64
	EndGlobalSection
	GlobalSection(SolutionProperties) = preSolution
		HideSolutionNode = FALSE
	EndGlobalSection
	GlobalSection(ExtensibilityGlobals) = postSolution
		SolutionGuid = {6E0386F5-0647-4A4A-99B6-6CF98F068AA5}
	EndGlobalSection
EndGlobal
