<?xml version="1.0" encoding="utf-8"?>
<Project ToolsVersion="4.0" xmlns="http://schemas.microsoft.com/developer/msbuild/2003">
  <ItemGroup>
    <Filter Include="Source Files">
      <UniqueIdentifier>{4FC737F1-C7A5-4376-A066-2A32D752A2FF}</UniqueIdentifier>
      <Extensions>cpp;c;cc;cxx;def;odl;idl;hpj;bat;asm;asmx</Extensions>
    </Filter>
    <Filter Include="Header Files">
      <UniqueIdentifier>{93995380-89BD-4b04-88EB-625FBE52EBFB}</UniqueIdentifier>
      <Extensions>h;hh;hpp;hxx;hm;inl;inc;xsd</Extensions>
    </Filter>
    <Filter Include="Resource Files">
      <UniqueIdentifier>{67DA6AB6-F800-4c08-8B7A-83BB121AAD01}</UniqueIdentifier>
      <Extensions>rc;ico;cur;bmp;dlg;rc2;rct;bin;rgs;gif;jpg;jpeg;jpe;resx;tiff;tif;png;wav;mfcribbon-ms</Extensions>
    </Filter>
    <Filter Include="Form Files">
      <UniqueIdentifier>{99349809-55BA-4b9d-BF79-8FDBB0286EB3}</UniqueIdentifier>
      <Extensions>ui</Extensions>
    </Filter>
    <Filter Include="Resource Files">
      <UniqueIdentifier>{D9D6E242-F8AF-46E4-B9FD-80ECBC20BA3E}</UniqueIdentifier>
      <Extensions>qrc;*</Extensions>
      <ParseFiles>false</ParseFiles>
    </Filter>
    <Filter Include="Header Files\GUI">
      <UniqueIdentifier>{edd7f197-8606-46e6-9e51-24b86d598bf7}</UniqueIdentifier>
    </Filter>
    <Filter Include="Source Files\GUI">
      <UniqueIdentifier>{1ee40d3d-503e-41e3-9057-0bb442b23b49}</UniqueIdentifier>
    </Filter>
    <Filter Include="Source Files\Core">
      <UniqueIdentifier>{6a8589a6-aa17-4cc0-9ed8-63d17fee0b4d}</UniqueIdentifier>
    </Filter>
    <Filter Include="Header Files\Core">
      <UniqueIdentifier>{1ed9f534-fd60-4d68-978b-b36910eda1cc}</UniqueIdentifier>
    </Filter>
  </ItemGroup>
  <ItemGroup>
    <QtRcc Include="MultimediaManagementProgram.qrc">
      <Filter>Resource Files</Filter>
    </QtRcc>
    <QtUic Include="MultimediaManagementProgram.ui">
      <Filter>Resource Files</Filter>
    </QtUic>
  </ItemGroup>
  <ItemGroup>
    <ClCompile Include="main.cpp">
      <Filter>Source Files</Filter>
    </ClCompile>
    <ClCompile Include="ContentsManagement.cpp">
      <Filter>Source Files\GUI</Filter>
    </ClCompile>
    <ClCompile Include="MultimediaManagementProgram.cpp">
      <Filter>Source Files\GUI</Filter>
    </ClCompile>
    <ClCompile Include="PhotoViewer.cpp">
      <Filter>Source Files\GUI</Filter>
    </ClCompile>
    <ClCompile Include="VideoLoadDialog.cpp">
      <Filter>Source Files\GUI</Filter>
    </ClCompile>
    <ClCompile Include="VideoViewer.cpp">
      <Filter>Source Files\GUI</Filter>
    </ClCompile>
    <ClCompile Include="Event.cpp">
      <Filter>Source Files\Core</Filter>
    </ClCompile>
    <ClCompile Include="MultimediaContent.cpp">
      <Filter>Source Files\Core</Filter>
    </ClCompile>
    <ClCompile Include="Person.cpp">
      <Filter>Source Files\Core</Filter>
    </ClCompile>
    <ClCompile Include="Place.cpp">
      <Filter>Source Files\Core</Filter>
    </ClCompile>
    <ClCompile Include="BinarySearchTree.cpp">
      <Filter>Source Files\Core</Filter>
    </ClCompile>
    <ClCompile Include="PhotoLoadDialog.cpp">
      <Filter>Source Files\GUI</Filter>
    </ClCompile>
    <ClCompile Include="PhotoViewDialog.cpp">
      <Filter>Source Files\GUI</Filter>
    </ClCompile>
    <ClCompile Include="DoublyLinkedList.cpp">
      <Filter>Source Files\Core</Filter>
    </ClCompile>
    <ClCompile Include="DoublyLinkedListIterator.cpp">
      <Filter>Source Files\Core</Filter>
    </ClCompile>
    <ClCompile Include="VideoViewDialog.cpp">
      <Filter>Source Files\GUI</Filter>
    </ClCompile>
  </ItemGroup>
  <ItemGroup>
    <QtUic Include="VideoViewer.ui">
      <Filter>Form Files</Filter>
    </QtUic>
    <QtUic Include="PhotoLoadDialog.ui">
      <Filter>Form Files</Filter>
    </QtUic>
    <QtUic Include="ContentsManagement.ui">
      <Filter>Form Files</Filter>
    </QtUic>
    <QtUic Include="VideoLoadDialog.ui">
      <Filter>Form Files</Filter>
    </QtUic>
    <QtUic Include="PhotoViewer.ui">
      <Filter>Form Files</Filter>
    </QtUic>
    <QtUic Include="PhotoViewDialog.ui">
      <Filter>Form Files</Filter>
    </QtUic>
    <QtUic Include="VideoViewDialog.ui">
      <Filter>Form Files</Filter>
    </QtUic>
  </ItemGroup>
  <ItemGroup>
    <QtMoc Include="ContentsManagement.h">
      <Filter>Header Files\GUI</Filter>
    </QtMoc>
    <QtMoc Include="MultimediaManagementProgram.h">
      <Filter>Header Files\GUI</Filter>
    </QtMoc>
    <QtMoc Include="PhotoLoadDialog.h">
      <Filter>Header Files\GUI</Filter>
    </QtMoc>
    <QtMoc Include="PhotoViewer.h">
      <Filter>Header Files\GUI</Filter>
    </QtMoc>
    <QtMoc Include="VideoLoadDialog.h">
      <Filter>Header Files\GUI</Filter>
    </QtMoc>
    <QtMoc Include="VideoViewer.h">
      <Filter>Header Files\GUI</Filter>
    </QtMoc>
    <QtMoc Include="PhotoViewDialog.h">
      <Filter>Header Files\GUI</Filter>
    </QtMoc>
    <QtMoc Include="VideoViewDialog.h">
      <Filter>Header Files\GUI</Filter>
    </QtMoc>
  </ItemGroup>
  <ItemGroup>
    <ClInclude Include="Event.h">
      <Filter>Header Files\Core</Filter>
    </ClInclude>
    <ClInclude Include="MultimediaContent.h">
      <Filter>Header Files\Core</Filter>
    </ClInclude>
    <ClInclude Include="Person.h">
      <Filter>Header Files\Core</Filter>
    </ClInclude>
    <ClInclude Include="Place.h">
      <Filter>Header Files\Core</Filter>
    </ClInclude>
    <ClInclude Include="BinarySearchTree.h">
      <Filter>Header Files\Core</Filter>
    </ClInclude>
    <ClInclude Include="DoublyLinkedList.h">
      <Filter>Header Files\Core</Filter>
    </ClInclude>
    <ClInclude Include="DoublyLinkedListIterator.h">
      <Filter>Header Files\Core</Filter>
    </ClInclude>
  </ItemGroup>
  <ItemGroup>
    <Image Include="Logo\amazing-logo.png">
      <Filter>Resource Files</Filter>
    </Image>
  </ItemGroup>
</Project>